
Microsoft Visual Studio Solution File, Format Version 12.00
# Visual Studio 14
VisualStudioVersion = 14.0.25420.1
MinimumVisualStudioVersion = 10.0.40219.1
Project("{FAE04EC0-301F-11D3-BF4B-00C04F79EFBC}") = "Jams.DAL", "Jams.DAL\Jams.DAL.csproj", "{ACCD9AEC-F950-4848-A8AE-3C4C945106FF}"
EndProject
Project("{FAE04EC0-301F-11D3-BF4B-00C04F79EFBC}") = "Jams.Domain", "Jams.Domain\Jams.Domain.csproj", "{61CE86CF-1536-4093-9309-D9607BDBB830}"
EndProject
Project("{FAE04EC0-301F-11D3-BF4B-00C04F79EFBC}") = "Jams.TestApp", "Jams.TestApp\Jams.TestApp.csproj", "{13A57057-A273-47CB-8648-3D154529719E}"
EndProject
Global
	GlobalSection(SolutionConfigurationPlatforms) = preSolution
		Debug|Any CPU = Debug|Any CPU
		Release|Any CPU = Release|Any CPU
	EndGlobalSection
	GlobalSection(ProjectConfigurationPlatforms) = postSolution
		{ACCD9AEC-F950-4848-A8AE-3C4C945106FF}.Debug|Any CPU.ActiveCfg = Debug|Any CPU
		{ACCD9AEC-F950-4848-A8AE-3C4C945106FF}.Debug|Any CPU.Build.0 = Debug|Any CPU
		{ACCD9AEC-F950-4848-A8AE-3C4C945106FF}.Release|Any CPU.ActiveCfg = Release|Any CPU
		{ACCD9AEC-F950-4848-A8AE-3C4C945106FF}.Release|Any CPU.Build.0 = Release|Any CPU
		{61CE86CF-1536-4093-9309-D9607BDBB830}.Debug|Any CPU.ActiveCfg = Debug|Any CPU
		{61CE86CF-1536-4093-9309-D9607BDBB830}.Debug|Any CPU.Build.0 = Debug|Any CPU
		{61CE86CF-1536-4093-9309-D9607BDBB830}.Release|Any CPU.ActiveCfg = Release|Any CPU
		{61CE86CF-1536-4093-9309-D9607BDBB830}.Release|Any CPU.Build.0 = Release|Any CPU
		{13A57057-A273-47CB-8648-3D154529719E}.Debug|Any CPU.ActiveCfg = Debug|Any CPU
		{13A57057-A273-47CB-8648-3D154529719E}.Debug|Any CPU.Build.0 = Debug|Any CPU
		{13A57057-A273-47CB-8648-3D154529719E}.Release|Any CPU.ActiveCfg = Release|Any CPU
		{13A57057-A273-47CB-8648-3D154529719E}.Release|Any CPU.Build.0 = Release|Any CPU
	EndGlobalSection
	GlobalSection(SolutionProperties) = preSolution
		HideSolutionNode = FALSE
	EndGlobalSection
EndGlobal
